
Microsoft Visual Studio Solution File, Format Version 12.00
# Visual Studio Version 17
VisualStudioVersion = 17.6.33815.320
MinimumVisualStudioVersion = 10.0.40219.1
Project("{FAE04EC0-301F-11D3-BF4B-00C04F79EFBC}") = "ModuleMVC", "ModuleMVC\ModuleMVC.csproj", "{C934306A-0B18-457B-A9C9-5C1EA55D526E}"
EndProject
Global
	GlobalSection(SolutionConfigurationPlatforms) = preSolution
		Debug|Any CPU = Debug|Any CPU
		Release|Any CPU = Release|Any CPU
	EndGlobalSection
	GlobalSection(ProjectConfigurationPlatforms) = postSolution
		{C934306A-0B18-457B-A9C9-5C1EA55D526E}.Debug|Any CPU.ActiveCfg = Debug|Any CPU
		{C934306A-0B18-457B-A9C9-5C1EA55D526E}.Debug|Any CPU.Build.0 = Debug|Any CPU
		{C934306A-0B18-457B-A9C9-5C1EA55D526E}.Release|Any CPU.ActiveCfg = Release|Any CPU
		{C934306A-0B18-457B-A9C9-5C1EA55D526E}.Release|Any CPU.Build.0 = Release|Any CPU
	EndGlobalSection
	GlobalSection(SolutionProperties) = preSolution
		HideSolutionNode = FALSE
	EndGlobalSection
	GlobalSection(ExtensibilityGlobals) = postSolution
		SolutionGuid = {8F757A6E-CC89-4454-A012-CEAAB2E2F902}
	EndGlobalSection
EndGlobal
